// !$*UTF8*$!
{
	archiveVersion = 1;
	classes = {
	};
	objectVersion = 50;
	objects = {

/* Begin PBXBuildFile section */
		3977D09620E6754A00992835 /* AppDelegate.swift in Sources */ = {isa = PBXBuildFile; fileRef = 3977D09520E6754A00992835 /* AppDelegate.swift */; };
		3977D09820E6754A00992835 /* ViewController.swift in Sources */ = {isa = PBXBuildFile; fileRef = 3977D09720E6754A00992835 /* ViewController.swift */; };
		3977D09B20E6754A00992835 /* Main.storyboard in Resources */ = {isa = PBXBuildFile; fileRef = 3977D09920E6754A00992835 /* Main.storyboard */; };
		3977D09E20E6754A00992835 /* Beeer_Beeer.xcdatamodeld in Sources */ = {isa = PBXBuildFile; fileRef = 3977D09C20E6754A00992835 /* Beeer_Beeer.xcdatamodeld */; };
		3977D0A020E6754C00992835 /* Assets.xcassets in Resources */ = {isa = PBXBuildFile; fileRef = 3977D09F20E6754C00992835 /* Assets.xcassets */; };
		3977D0A320E6754C00992835 /* LaunchScreen.storyboard in Resources */ = {isa = PBXBuildFile; fileRef = 3977D0A120E6754C00992835 /* LaunchScreen.storyboard */; };
		3977D0AD20E676D300992835 /* NetworkQueries.swift in Sources */ = {isa = PBXBuildFile; fileRef = 3977D0AB20E676D300992835 /* NetworkQueries.swift */; };
		3977D0AE20E676D300992835 /* Reachability.swift in Sources */ = {isa = PBXBuildFile; fileRef = 3977D0AC20E676D300992835 /* Reachability.swift */; };
		3977D0B120E6775500992835 /* BeerS.swift in Sources */ = {isa = PBXBuildFile; fileRef = 3977D0B020E6775500992835 /* BeerS.swift */; };
		3977D0B420E67E9100992835 /* Notifier.swift in Sources */ = {isa = PBXBuildFile; fileRef = 3977D0B320E67E9100992835 /* Notifier.swift */; };
		3977D0BE20E6A79B00992835 /* BeerCells.swift in Sources */ = {isa = PBXBuildFile; fileRef = 3977D0BD20E6A79B00992835 /* BeerCells.swift */; };
/* End PBXBuildFile section */

/* Begin PBXFileReference section */
		3977D09220E6754A00992835 /* Beeer-Beeer.app */ = {isa = PBXFileReference; explicitFileType = wrapper.application; includeInIndex = 0; path = "Beeer-Beeer.app"; sourceTree = BUILT_PRODUCTS_DIR; };
		3977D09520E6754A00992835 /* AppDelegate.swift */ = {isa = PBXFileReference; lastKnownFileType = sourcecode.swift; path = AppDelegate.swift; sourceTree = "<group>"; };
		3977D09720E6754A00992835 /* ViewController.swift */ = {isa = PBXFileReference; lastKnownFileType = sourcecode.swift; path = ViewController.swift; sourceTree = "<group>"; };
		3977D09A20E6754A00992835 /* Base */ = {isa = PBXFileReference; lastKnownFileType = file.storyboard; name = Base; path = Base.lproj/Main.storyboard; sourceTree = "<group>"; };
		3977D09D20E6754A00992835 /* Beeer_Beeer.xcdatamodel */ = {isa = PBXFileReference; lastKnownFileType = wrapper.xcdatamodel; path = Beeer_Beeer.xcdatamodel; sourceTree = "<group>"; };
		3977D09F20E6754C00992835 /* Assets.xcassets */ = {isa = PBXFileReference; lastKnownFileType = folder.assetcatalog; path = Assets.xcassets; sourceTree = "<group>"; };
		3977D0A220E6754C00992835 /* Base */ = {isa = PBXFileReference; lastKnownFileType = file.storyboard; name = Base; path = Base.lproj/LaunchScreen.storyboard; sourceTree = "<group>"; };
		3977D0A420E6754C00992835 /* Info.plist */ = {isa = PBXFileReference; lastKnownFileType = text.plist.xml; path = Info.plist; sourceTree = "<group>"; };
		3977D0AB20E676D300992835 /* NetworkQueries.swift */ = {isa = PBXFileReference; fileEncoding = 4; lastKnownFileType = sourcecode.swift; path = NetworkQueries.swift; sourceTree = "<group>"; };
		3977D0AC20E676D300992835 /* Reachability.swift */ = {isa = PBXFileReference; fileEncoding = 4; lastKnownFileType = sourcecode.swift; path = Reachability.swift; sourceTree = "<group>"; };
		3977D0B020E6775500992835 /* BeerS.swift */ = {isa = PBXFileReference; fileEncoding = 4; lastKnownFileType = sourcecode.swift; path = BeerS.swift; sourceTree = "<group>"; };
		3977D0B320E67E9100992835 /* Notifier.swift */ = {isa = PBXFileReference; fileEncoding = 4; lastKnownFileType = sourcecode.swift; path = Notifier.swift; sourceTree = "<group>"; };
		3977D0BD20E6A79B00992835 /* BeerCells.swift */ = {isa = PBXFileReference; lastKnownFileType = sourcecode.swift; path = BeerCells.swift; sourceTree = "<group>"; };
/* End PBXFileReference section */

/* Begin PBXFrameworksBuildPhase section */
		3977D08F20E6754A00992835 /* Frameworks */ = {
			isa = PBXFrameworksBuildPhase;
			buildActionMask = 2147483647;
			files = (
			);
			runOnlyForDeploymentPostprocessing = 0;
		};
/* End PBXFrameworksBuildPhase section */

/* Begin PBXGroup section */
		3977D08920E6754A00992835 = {
			isa = PBXGroup;
			children = (
				3977D09420E6754A00992835 /* Beeer-Beeer */,
				3977D09320E6754A00992835 /* Products */,
			);
			sourceTree = "<group>";
		};
		3977D09320E6754A00992835 /* Products */ = {
			isa = PBXGroup;
			children = (
				3977D09220E6754A00992835 /* Beeer-Beeer.app */,
			);
			name = Products;
			sourceTree = "<group>";
		};
		3977D09420E6754A00992835 /* Beeer-Beeer */ = {
			isa = PBXGroup;
			children = (
				3977D0B820E68FB700992835 /* Views */,
				3977D0B520E681F300992835 /* ViewControllers */,
				3977D0B220E67E6E00992835 /* Utils */,
				3977D0AF20E6771200992835 /* Model */,
				3977D0AA20E676BA00992835 /* Networking */,
				3977D09520E6754A00992835 /* AppDelegate.swift */,
				3977D09920E6754A00992835 /* Main.storyboard */,
				3977D09F20E6754C00992835 /* Assets.xcassets */,
				3977D0A120E6754C00992835 /* LaunchScreen.storyboard */,
				3977D0A420E6754C00992835 /* Info.plist */,
				3977D09C20E6754A00992835 /* Beeer_Beeer.xcdatamodeld */,
			);
			path = "Beeer-Beeer";
			sourceTree = "<group>";
		};
		3977D0AA20E676BA00992835 /* Networking */ = {
			isa = PBXGroup;
			children = (
				3977D0AB20E676D300992835 /* NetworkQueries.swift */,
				3977D0AC20E676D300992835 /* Reachability.swift */,
			);
			path = Networking;
			sourceTree = "<group>";
		};
		3977D0AF20E6771200992835 /* Model */ = {
			isa = PBXGroup;
			children = (
				3977D0B020E6775500992835 /* BeerS.swift */,
			);
			path = Model;
			sourceTree = "<group>";
		};
		3977D0B220E67E6E00992835 /* Utils */ = {
			isa = PBXGroup;
			children = (
				3977D0B320E67E9100992835 /* Notifier.swift */,
			);
			path = Utils;
			sourceTree = "<group>";
		};
		3977D0B520E681F300992835 /* ViewControllers */ = {
			isa = PBXGroup;
			children = (
				3977D09720E6754A00992835 /* ViewController.swift */,
			);
			path = ViewControllers;
			sourceTree = "<group>";
		};
		3977D0B820E68FB700992835 /* Views */ = {
			isa = PBXGroup;
			children = (
				3977D0BD20E6A79B00992835 /* BeerCells.swift */,
			);
			path = Views;
			sourceTree = "<group>";
		};
/* End PBXGroup section */

/* Begin PBXNativeTarget section */
		3977D09120E6754A00992835 /* Beeer-Beeer */ = {
			isa = PBXNativeTarget;
			buildConfigurationList = 3977D0A720E6754C00992835 /* Build configuration list for PBXNativeTarget "Beeer-Beeer" */;
			buildPhases = (
				3977D08E20E6754A00992835 /* Sources */,
				3977D08F20E6754A00992835 /* Frameworks */,
				3977D09020E6754A00992835 /* Resources */,
			);
			buildRules = (
			);
			dependencies = (
			);
			name = "Beeer-Beeer";
			productName = "Beeer-Beeer";
			productReference = 3977D09220E6754A00992835 /* Beeer-Beeer.app */;
			productType = "com.apple.product-type.application";
		};
/* End PBXNativeTarget section */

/* Begin PBXProject section */
		3977D08A20E6754A00992835 /* Project object */ = {
			isa = PBXProject;
			attributes = {
				LastSwiftUpdateCheck = 0940;
				LastUpgradeCheck = 0940;
				ORGANIZATIONNAME = Personal;
				TargetAttributes = {
					3977D09120E6754A00992835 = {
						CreatedOnToolsVersion = 9.4.1;
					};
				};
			};
			buildConfigurationList = 3977D08D20E6754A00992835 /* Build configuration list for PBXProject "Beeer-Beeer" */;
			compatibilityVersion = "Xcode 9.3";
			developmentRegion = en;
			hasScannedForEncodings = 0;
			knownRegions = (
				en,
				Base,
			);
			mainGroup = 3977D08920E6754A00992835;
			productRefGroup = 3977D09320E6754A00992835 /* Products */;
			projectDirPath = "";
			projectRoot = "";
			targets = (
				3977D09120E6754A00992835 /* Beeer-Beeer */,
			);
		};
/* End PBXProject section */

/* Begin PBXResourcesBuildPhase section */
		3977D09020E6754A00992835 /* Resources */ = {
			isa = PBXResourcesBuildPhase;
			buildActionMask = 2147483647;
			files = (
				3977D0A320E6754C00992835 /* LaunchScreen.storyboard in Resources */,
				3977D0A020E6754C00992835 /* Assets.xcassets in Resources */,
				3977D09B20E6754A00992835 /* Main.storyboard in Resources */,
			);
			runOnlyForDeploymentPostprocessing = 0;
		};
/* End PBXResourcesBuildPhase section */

/* Begin PBXSourcesBuildPhase section */
		3977D08E20E6754A00992835 /* Sources */ = {
			isa = PBXSourcesBuildPhase;
			buildActionMask = 2147483647;
			files = (
				3977D09820E6754A00992835 /* ViewController.swift in Sources */,
				3977D09E20E6754A00992835 /* Beeer_Beeer.xcdatamodeld in Sources */,
				3977D09620E6754A00992835 /* AppDelegate.swift in Sources */,
				3977D0B120E6775500992835 /* BeerS.swift in Sources */,
				3977D0B420E67E9100992835 /* Notifier.swift in Sources */,
				3977D0BE20E6A79B00992835 /* BeerCells.swift in Sources */,
				3977D0AE20E676D300992835 /* Reachability.swift in Sources */,
				3977D0AD20E676D300992835 /* NetworkQueries.swift in Sources */,
			);
			runOnlyForDeploymentPostprocessing = 0;
		};
/* End PBXSourcesBuildPhase section */

/* Begin PBXVariantGroup section */
		3977D09920E6754A00992835 /* Main.storyboard */ = {
			isa = PBXVariantGroup;
			children = (
				3977D09A20E6754A00992835 /* Base */,
			);
			name = Main.storyboard;
			sourceTree = "<group>";
		};
		3977D0A120E6754C00992835 /* LaunchScreen.storyboard */ = {
			isa = PBXVariantGroup;
			children = (
				3977D0A220E6754C00992835 /* Base */,
			);
			name = LaunchScreen.storyboard;
			sourceTree = "<group>";
		};
/* End PBXVariantGroup section */

/* Begin XCBuildConfiguration section */
		3977D0A520E6754C00992835 /* Debug */ = {
			isa = XCBuildConfiguration;
			buildSettings = {
				ALWAYS_SEARCH_USER_PATHS = NO;
				CLANG_ANALYZER_NONNULL = YES;
				CLANG_ANALYZER_NUMBER_OBJECT_CONVERSION = YES_AGGRESSIVE;
				CLANG_CXX_LANGUAGE_STANDARD = "gnu++14";
				CLANG_CXX_LIBRARY = "libc++";
				CLANG_ENABLE_MODULES = YES;
				CLANG_ENABLE_OBJC_ARC = YES;
				CLANG_ENABLE_OBJC_WEAK = YES;
				CLANG_WARN_BLOCK_CAPTURE_AUTORELEASING = YES;
				CLANG_WARN_BOOL_CONVERSION = YES;
				CLANG_WARN_COMMA = YES;
				CLANG_WARN_CONSTANT_CONVERSION = YES;
				CLANG_WARN_DEPRECATED_OBJC_IMPLEMENTATIONS = YES;
				CLANG_WARN_DIRECT_OBJC_ISA_USAGE = YES_ERROR;
				CLANG_WARN_DOCUMENTATION_COMMENTS = YES;
				CLANG_WARN_EMPTY_BODY = YES;
				CLANG_WARN_ENUM_CONVERSION = YES;
				CLANG_WARN_INFINITE_RECURSION = YES;
				CLANG_WARN_INT_CONVERSION = YES;
				CLANG_WARN_NON_LITERAL_NULL_CONVERSION = YES;
				CLANG_WARN_OBJC_IMPLICIT_RETAIN_SELF = YES;
				CLANG_WARN_OBJC_LITERAL_CONVERSION = YES;
				CLANG_WARN_OBJC_ROOT_CLASS = YES_ERROR;
				CLANG_WARN_RANGE_LOOP_ANALYSIS = YES;
				CLANG_WARN_STRICT_PROTOTYPES = YES;
				CLANG_WARN_SUSPICIOUS_MOVE = YES;
				CLANG_WARN_UNGUARDED_AVAILABILITY = YES_AGGRESSIVE;
				CLANG_WARN_UNREACHABLE_CODE = YES;
				CLANG_WARN__DUPLICATE_METHOD_MATCH = YES;
				CODE_SIGN_IDENTITY = "iPhone Developer";
				COPY_PHASE_STRIP = NO;
				DEBUG_INFORMATION_FORMAT = dwarf;
				ENABLE_STRICT_OBJC_MSGSEND = YES;
				ENABLE_TESTABILITY = YES;
				GCC_C_LANGUAGE_STANDARD = gnu11;
				GCC_DYNAMIC_NO_PIC = NO;
				GCC_NO_COMMON_BLOCKS = YES;
				GCC_OPTIMIZATION_LEVEL = 0;
				GCC_PREPROCESSOR_DEFINITIONS = (
					"DEBUG=1",
					"$(inherited)",
				);
				GCC_WARN_64_TO_32_BIT_CONVERSION = YES;
				GCC_WARN_ABOUT_RETURN_TYPE = YES_ERROR;
				GCC_WARN_UNDECLARED_SELECTOR = YES;
				GCC_WARN_UNINITIALIZED_AUTOS = YES_AGGRESSIVE;
				GCC_WARN_UNUSED_FUNCTION = YES;
				GCC_WARN_UNUSED_VARIABLE = YES;
				IPHONEOS_DEPLOYMENT_TARGET = 11.4;
				MTL_ENABLE_DEBUG_INFO = YES;
				ONLY_ACTIVE_ARCH = YES;
				SDKROOT = iphoneos;
				SWIFT_ACTIVE_COMPILATION_CONDITIONS = DEBUG;
				SWIFT_OPTIMIZATION_LEVEL = "-Onone";
			};
			name = Debug;
		};
		3977D0A620E6754C00992835 /* Release */ = {
			isa = XCBuildConfiguration;
			buildSettings = {
				ALWAYS_SEARCH_USER_PATHS = NO;
				CLANG_ANALYZER_NONNULL = YES;
				CLANG_ANALYZER_NUMBER_OBJECT_CONVERSION = YES_AGGRESSIVE;
				CLANG_CXX_LANGUAGE_STANDARD = "gnu++14";
				CLANG_CXX_LIBRARY = "libc++";
				CLANG_ENABLE_MODULES = YES;
				CLANG_ENABLE_OBJC_ARC = YES;
				CLANG_ENABLE_OBJC_WEAK = YES;
				CLANG_WARN_BLOCK_CAPTURE_AUTORELEASING = YES;
				CLANG_WARN_BOOL_CONVERSION = YES;
				CLANG_WARN_COMMA = YES;
				CLANG_WARN_CONSTANT_CONVERSION = YES;
				CLANG_WARN_DEPRECATED_OBJC_IMPLEMENTATIONS = YES;
				CLANG_WARN_DIRECT_OBJC_ISA_USAGE = YES_ERROR;
				CLANG_WARN_DOCUMENTATION_COMMENTS = YES;
				CLANG_WARN_EMPTY_BODY = YES;
				CLANG_WARN_ENUM_CONVERSION = YES;
				CLANG_WARN_INFINITE_RECURSION = YES;
				CLANG_WARN_INT_CONVERSION = YES;
				CLANG_WARN_NON_LITERAL_NULL_CONVERSION = YES;
				CLANG_WARN_OBJC_IMPLICIT_RETAIN_SELF = YES;
				CLANG_WARN_OBJC_LITERAL_CONVERSION = YES;
				CLANG_WARN_OBJC_ROOT_CLASS = YES_ERROR;
				CLANG_WARN_RANGE_LOOP_ANALYSIS = YES;
				CLANG_WARN_STRICT_PROTOTYPES = YES;
				CLANG_WARN_SUSPICIOUS_MOVE = YES;
				CLANG_WARN_UNGUARDED_AVAILABILITY = YES_AGGRESSIVE;
				CLANG_WARN_UNREACHABLE_CODE = YES;
				CLANG_WARN__DUPLICATE_METHOD_MATCH = YES;
				CODE_SIGN_IDENTITY = "iPhone Developer";
				COPY_PHASE_STRIP = NO;
				DEBUG_INFORMATION_FORMAT = "dwarf-with-dsym";
				ENABLE_NS_ASSERTIONS = NO;
				ENABLE_STRICT_OBJC_MSGSEND = YES;
				GCC_C_LANGUAGE_STANDARD = gnu11;
				GCC_NO_COMMON_BLOCKS = YES;
				GCC_WARN_64_TO_32_BIT_CONVERSION = YES;
				GCC_WARN_ABOUT_RETURN_TYPE = YES_ERROR;
				GCC_WARN_UNDECLARED_SELECTOR = YES;
				GCC_WARN_UNINITIALIZED_AUTOS = YES_AGGRESSIVE;
				GCC_WARN_UNUSED_FUNCTION = YES;
				GCC_WARN_UNUSED_VARIABLE = YES;
				IPHONEOS_DEPLOYMENT_TARGET = 11.4;
				MTL_ENABLE_DEBUG_INFO = NO;
				SDKROOT = iphoneos;
				SWIFT_COMPILATION_MODE = wholemodule;
				SWIFT_OPTIMIZATION_LEVEL = "-O";
				VALIDATE_PRODUCT = YES;
			};
			name = Release;
		};
		3977D0A820E6754C00992835 /* Debug */ = {
			isa = XCBuildConfiguration;
			buildSettings = {
				ASSETCATALOG_COMPILER_APPICON_NAME = AppIcon;
				CODE_SIGN_STYLE = Automatic;
				DEVELOPMENT_TEAM = YT5L554J64;
				INFOPLIST_FILE = "Beeer-Beeer/Info.plist";
				LD_RUNPATH_SEARCH_PATHS = (
					"$(inherited)",
					"@executable_path/Frameworks",
				);
				PRODUCT_BUNDLE_IDENTIFIER = "com.sayantanchakraborty.Beeer-Cheeer";
				PRODUCT_NAME = "$(TARGET_NAME)";
				SWIFT_VERSION = 4.0;
				TARGETED_DEVICE_FAMILY = 1;
			};
			name = Debug;
		};
		3977D0A920E6754C00992835 /* Release */ = {
			isa = XCBuildConfiguration;
			buildSettings = {
				ASSETCATALOG_COMPILER_APPICON_NAME = AppIcon;
				CODE_SIGN_STYLE = Automatic;
				DEVELOPMENT_TEAM = YT5L554J64;
				INFOPLIST_FILE = "Beeer-Beeer/Info.plist";
				LD_RUNPATH_SEARCH_PATHS = (
					"$(inherited)",
					"@executable_path/Frameworks",
				);
				PRODUCT_BUNDLE_IDENTIFIER = "com.sayantanchakraborty.Beeer-Cheeer";
				PRODUCT_NAME = "$(TARGET_NAME)";
				SWIFT_VERSION = 4.0;
				TARGETED_DEVICE_FAMILY = 1;
			};
			name = Release;
		};
/* End XCBuildConfiguration section */

/* Begin XCConfigurationList section */
		3977D08D20E6754A00992835 /* Build configuration list for PBXProject "Beeer-Beeer" */ = {
			isa = XCConfigurationList;
			buildConfigurations = (
				3977D0A520E6754C00992835 /* Debug */,
				3977D0A620E6754C00992835 /* Release */,
			);
			defaultConfigurationIsVisible = 0;
			defaultConfigurationName = Release;
		};
		3977D0A720E6754C00992835 /* Build configuration list for PBXNativeTarget "Beeer-Beeer" */ = {
			isa = XCConfigurationList;
			buildConfigurations = (
				3977D0A820E6754C00992835 /* Debug */,
				3977D0A920E6754C00992835 /* Release */,
			);
			defaultConfigurationIsVisible = 0;
			defaultConfigurationName = Release;
		};
/* End XCConfigurationList section */

/* Begin XCVersionGroup section */
		3977D09C20E6754A00992835 /* Beeer_Beeer.xcdatamodeld */ = {
			isa = XCVersionGroup;
			children = (
				3977D09D20E6754A00992835 /* Beeer_Beeer.xcdatamodel */,
			);
			currentVersion = 3977D09D20E6754A00992835 /* Beeer_Beeer.xcdatamodel */;
			path = Beeer_Beeer.xcdatamodeld;
			sourceTree = "<group>";
			versionGroupType = wrapper.xcdatamodel;
		};
/* End XCVersionGroup section */
	};
	rootObject = 3977D08A20E6754A00992835 /* Project object */;
}
